
Microsoft Visual Studio Solution File, Format Version 12.00
# Visual Studio 15
VisualStudioVersion = 15.0.26124.0
MinimumVisualStudioVersion = 15.0.26124.0
Project("{FAE04EC0-301F-11D3-BF4B-00C04F79EFBC}") = "application", "Api.Application\application.csproj", "{B731D397-34F2-4DA0-AC50-D9DAF82A5C91}"
EndProject
Project("{FAE04EC0-301F-11D3-BF4B-00C04F79EFBC}") = "Domain", "Api.Domain\Domain.csproj", "{E8C9C833-5A91-4E2E-A63D-B10AFC968D33}"
EndProject
Project("{FAE04EC0-301F-11D3-BF4B-00C04F79EFBC}") = "CrossCutting", "Api.CrossCutting\CrossCutting.csproj", "{3BCBF69D-28BF-41A2-886D-056409DC0BEF}"
EndProject
Project("{FAE04EC0-301F-11D3-BF4B-00C04F79EFBC}") = "Data", "Api.Data\Data.csproj", "{163A40CE-974E-4594-B9B2-9835B63D1AFA}"
EndProject
Project("{FAE04EC0-301F-11D3-BF4B-00C04F79EFBC}") = "Service", "Api.Service\Service.csproj", "{C686531B-F13A-4C4E-8715-B27AEFE3A50C}"
EndProject
Global
	GlobalSection(SolutionConfigurationPlatforms) = preSolution
		Debug|Any CPU = Debug|Any CPU
		Debug|x64 = Debug|x64
		Debug|x86 = Debug|x86
		Release|Any CPU = Release|Any CPU
		Release|x64 = Release|x64
		Release|x86 = Release|x86
	EndGlobalSection
	GlobalSection(SolutionProperties) = preSolution
		HideSolutionNode = FALSE
	EndGlobalSection
	GlobalSection(ProjectConfigurationPlatforms) = postSolution
		{B731D397-34F2-4DA0-AC50-D9DAF82A5C91}.Debug|Any CPU.ActiveCfg = Debug|Any CPU
		{B731D397-34F2-4DA0-AC50-D9DAF82A5C91}.Debug|Any CPU.Build.0 = Debug|Any CPU
		{B731D397-34F2-4DA0-AC50-D9DAF82A5C91}.Debug|x64.ActiveCfg = Debug|Any CPU
		{B731D397-34F2-4DA0-AC50-D9DAF82A5C91}.Debug|x64.Build.0 = Debug|Any CPU
		{B731D397-34F2-4DA0-AC50-D9DAF82A5C91}.Debug|x86.ActiveCfg = Debug|Any CPU
		{B731D397-34F2-4DA0-AC50-D9DAF82A5C91}.Debug|x86.Build.0 = Debug|Any CPU
		{B731D397-34F2-4DA0-AC50-D9DAF82A5C91}.Release|Any CPU.ActiveCfg = Release|Any CPU
		{B731D397-34F2-4DA0-AC50-D9DAF82A5C91}.Release|Any CPU.Build.0 = Release|Any CPU
		{B731D397-34F2-4DA0-AC50-D9DAF82A5C91}.Release|x64.ActiveCfg = Release|Any CPU
		{B731D397-34F2-4DA0-AC50-D9DAF82A5C91}.Release|x64.Build.0 = Release|Any CPU
		{B731D397-34F2-4DA0-AC50-D9DAF82A5C91}.Release|x86.ActiveCfg = Release|Any CPU
		{B731D397-34F2-4DA0-AC50-D9DAF82A5C91}.Release|x86.Build.0 = Release|Any CPU
		{E8C9C833-5A91-4E2E-A63D-B10AFC968D33}.Debug|Any CPU.ActiveCfg = Debug|Any CPU
		{E8C9C833-5A91-4E2E-A63D-B10AFC968D33}.Debug|Any CPU.Build.0 = Debug|Any CPU
		{E8C9C833-5A91-4E2E-A63D-B10AFC968D33}.Debug|x64.ActiveCfg = Debug|Any CPU
		{E8C9C833-5A91-4E2E-A63D-B10AFC968D33}.Debug|x64.Build.0 = Debug|Any CPU
		{E8C9C833-5A91-4E2E-A63D-B10AFC968D33}.Debug|x86.ActiveCfg = Debug|Any CPU
		{E8C9C833-5A91-4E2E-A63D-B10AFC968D33}.Debug|x86.Build.0 = Debug|Any CPU
		{E8C9C833-5A91-4E2E-A63D-B10AFC968D33}.Release|Any CPU.ActiveCfg = Release|Any CPU
		{E8C9C833-5A91-4E2E-A63D-B10AFC968D33}.Release|Any CPU.Build.0 = Release|Any CPU
		{E8C9C833-5A91-4E2E-A63D-B10AFC968D33}.Release|x64.ActiveCfg = Release|Any CPU
		{E8C9C833-5A91-4E2E-A63D-B10AFC968D33}.Release|x64.Build.0 = Release|Any CPU
		{E8C9C833-5A91-4E2E-A63D-B10AFC968D33}.Release|x86.ActiveCfg = Release|Any CPU
		{E8C9C833-5A91-4E2E-A63D-B10AFC968D33}.Release|x86.Build.0 = Release|Any CPU
		{3BCBF69D-28BF-41A2-886D-056409DC0BEF}.Debug|Any CPU.ActiveCfg = Debug|Any CPU
		{3BCBF69D-28BF-41A2-886D-056409DC0BEF}.Debug|Any CPU.Build.0 = Debug|Any CPU
		{3BCBF69D-28BF-41A2-886D-056409DC0BEF}.Debug|x64.ActiveCfg = Debug|Any CPU
		{3BCBF69D-28BF-41A2-886D-056409DC0BEF}.Debug|x64.Build.0 = Debug|Any CPU
		{3BCBF69D-28BF-41A2-886D-056409DC0BEF}.Debug|x86.ActiveCfg = Debug|Any CPU
		{3BCBF69D-28BF-41A2-886D-056409DC0BEF}.Debug|x86.Build.0 = Debug|Any CPU
		{3BCBF69D-28BF-41A2-886D-056409DC0BEF}.Release|Any CPU.ActiveCfg = Release|Any CPU
		{3BCBF69D-28BF-41A2-886D-056409DC0BEF}.Release|Any CPU.Build.0 = Release|Any CPU
		{3BCBF69D-28BF-41A2-886D-056409DC0BEF}.Release|x64.ActiveCfg = Release|Any CPU
		{3BCBF69D-28BF-41A2-886D-056409DC0BEF}.Release|x64.Build.0 = Release|Any CPU
		{3BCBF69D-28BF-41A2-886D-056409DC0BEF}.Release|x86.ActiveCfg = Release|Any CPU
		{3BCBF69D-28BF-41A2-886D-056409DC0BEF}.Release|x86.Build.0 = Release|Any CPU
		{163A40CE-974E-4594-B9B2-9835B63D1AFA}.Debug|Any CPU.ActiveCfg = Debug|Any CPU
		{163A40CE-974E-4594-B9B2-9835B63D1AFA}.Debug|Any CPU.Build.0 = Debug|Any CPU
		{163A40CE-974E-4594-B9B2-9835B63D1AFA}.Debug|x64.ActiveCfg = Debug|Any CPU
		{163A40CE-974E-4594-B9B2-9835B63D1AFA}.Debug|x64.Build.0 = Debug|Any CPU
		{163A40CE-974E-4594-B9B2-9835B63D1AFA}.Debug|x86.ActiveCfg = Debug|Any CPU
		{163A40CE-974E-4594-B9B2-9835B63D1AFA}.Debug|x86.Build.0 = Debug|Any CPU
		{163A40CE-974E-4594-B9B2-9835B63D1AFA}.Release|Any CPU.ActiveCfg = Release|Any CPU
		{163A40CE-974E-4594-B9B2-9835B63D1AFA}.Release|Any CPU.Build.0 = Release|Any CPU
		{163A40CE-974E-4594-B9B2-9835B63D1AFA}.Release|x64.ActiveCfg = Release|Any CPU
		{163A40CE-974E-4594-B9B2-9835B63D1AFA}.Release|x64.Build.0 = Release|Any CPU
		{163A40CE-974E-4594-B9B2-9835B63D1AFA}.Release|x86.ActiveCfg = Release|Any CPU
		{163A40CE-974E-4594-B9B2-9835B63D1AFA}.Release|x86.Build.0 = Release|Any CPU
		{C686531B-F13A-4C4E-8715-B27AEFE3A50C}.Debug|Any CPU.ActiveCfg = Debug|Any CPU
		{C686531B-F13A-4C4E-8715-B27AEFE3A50C}.Debug|Any CPU.Build.0 = Debug|Any CPU
		{C686531B-F13A-4C4E-8715-B27AEFE3A50C}.Debug|x64.ActiveCfg = Debug|Any CPU
		{C686531B-F13A-4C4E-8715-B27AEFE3A50C}.Debug|x64.Build.0 = Debug|Any CPU
		{C686531B-F13A-4C4E-8715-B27AEFE3A50C}.Debug|x86.ActiveCfg = Debug|Any CPU
		{C686531B-F13A-4C4E-8715-B27AEFE3A50C}.Debug|x86.Build.0 = Debug|Any CPU
		{C686531B-F13A-4C4E-8715-B27AEFE3A50C}.Release|Any CPU.ActiveCfg = Release|Any CPU
		{C686531B-F13A-4C4E-8715-B27AEFE3A50C}.Release|Any CPU.Build.0 = Release|Any CPU
		{C686531B-F13A-4C4E-8715-B27AEFE3A50C}.Release|x64.ActiveCfg = Release|Any CPU
		{C686531B-F13A-4C4E-8715-B27AEFE3A50C}.Release|x64.Build.0 = Release|Any CPU
		{C686531B-F13A-4C4E-8715-B27AEFE3A50C}.Release|x86.ActiveCfg = Release|Any CPU
		{C686531B-F13A-4C4E-8715-B27AEFE3A50C}.Release|x86.Build.0 = Release|Any CPU
	EndGlobalSection
EndGlobal
